
Microsoft Visual Studio Solution File, Format Version 12.00
# Visual Studio Version 16
VisualStudioVersion = 16.0.31729.503
MinimumVisualStudioVersion = 10.0.40219.1
Project("{9A19103F-16F7-4668-BE54-9A1E7A4F7556}") = "client", "..\client\client.csproj", "{FB4B22E3-4890-4D2B-94CB-BAC425DE6CB9}"
	ProjectSection(ProjectDependencies) = postProject
		{2DF849D6-A183-45A7-BA68-D1D6AC388CC3} = {2DF849D6-A183-45A7-BA68-D1D6AC388CC3}
	EndProjectSection
EndProject
Project("{FAE04EC0-301F-11D3-BF4B-00C04F79EFBC}") = "common", "..\common\common.csproj", "{2DF849D6-A183-45A7-BA68-D1D6AC388CC3}"
EndProject
Project("{FAE04EC0-301F-11D3-BF4B-00C04F79EFBC}") = "ControlApp", "ControlApp.csproj", "{BE66E1E9-1F7C-448E-B2AD-BCB08216AFB6}"
	ProjectSection(ProjectDependencies) = postProject
		{2DF849D6-A183-45A7-BA68-D1D6AC388CC3} = {2DF849D6-A183-45A7-BA68-D1D6AC388CC3}
	EndProjectSection
EndProject
Global
	GlobalSection(SolutionConfigurationPlatforms) = preSolution
		Debug|Any CPU = Debug|Any CPU
		Debug|ARM = Debug|ARM
		Debug|ARM64 = Debug|ARM64
		Debug|x64 = Debug|x64
		Debug|x86 = Debug|x86
		Release|Any CPU = Release|Any CPU
		Release|ARM = Release|ARM
		Release|ARM64 = Release|ARM64
		Release|x64 = Release|x64
		Release|x86 = Release|x86
	EndGlobalSection
	GlobalSection(ProjectConfigurationPlatforms) = postSolution
		{FB4B22E3-4890-4D2B-94CB-BAC425DE6CB9}.Debug|Any CPU.ActiveCfg = Debug|Any CPU
		{FB4B22E3-4890-4D2B-94CB-BAC425DE6CB9}.Debug|Any CPU.Build.0 = Debug|Any CPU
		{FB4B22E3-4890-4D2B-94CB-BAC425DE6CB9}.Debug|ARM.ActiveCfg = Debug|ARM
		{FB4B22E3-4890-4D2B-94CB-BAC425DE6CB9}.Debug|ARM.Build.0 = Debug|ARM
		{FB4B22E3-4890-4D2B-94CB-BAC425DE6CB9}.Debug|ARM.Deploy.0 = Debug|ARM
		{FB4B22E3-4890-4D2B-94CB-BAC425DE6CB9}.Debug|ARM64.ActiveCfg = Debug|ARM64
		{FB4B22E3-4890-4D2B-94CB-BAC425DE6CB9}.Debug|ARM64.Build.0 = Debug|ARM64
		{FB4B22E3-4890-4D2B-94CB-BAC425DE6CB9}.Debug|ARM64.Deploy.0 = Debug|ARM64
		{FB4B22E3-4890-4D2B-94CB-BAC425DE6CB9}.Debug|x64.ActiveCfg = Debug|x64
		{FB4B22E3-4890-4D2B-94CB-BAC425DE6CB9}.Debug|x64.Build.0 = Debug|x64
		{FB4B22E3-4890-4D2B-94CB-BAC425DE6CB9}.Debug|x64.Deploy.0 = Debug|x64
		{FB4B22E3-4890-4D2B-94CB-BAC425DE6CB9}.Debug|x86.ActiveCfg = Debug|Any CPU
		{FB4B22E3-4890-4D2B-94CB-BAC425DE6CB9}.Debug|x86.Build.0 = Debug|Any CPU
		{FB4B22E3-4890-4D2B-94CB-BAC425DE6CB9}.Debug|x86.Deploy.0 = Debug|Any CPU
		{FB4B22E3-4890-4D2B-94CB-BAC425DE6CB9}.Release|Any CPU.ActiveCfg = Release|x86
		{FB4B22E3-4890-4D2B-94CB-BAC425DE6CB9}.Release|ARM.ActiveCfg = Release|ARM
		{FB4B22E3-4890-4D2B-94CB-BAC425DE6CB9}.Release|ARM.Build.0 = Release|ARM
		{FB4B22E3-4890-4D2B-94CB-BAC425DE6CB9}.Release|ARM.Deploy.0 = Release|ARM
		{FB4B22E3-4890-4D2B-94CB-BAC425DE6CB9}.Release|ARM64.ActiveCfg = Release|ARM64
		{FB4B22E3-4890-4D2B-94CB-BAC425DE6CB9}.Release|ARM64.Build.0 = Release|ARM64
		{FB4B22E3-4890-4D2B-94CB-BAC425DE6CB9}.Release|ARM64.Deploy.0 = Release|ARM64
		{FB4B22E3-4890-4D2B-94CB-BAC425DE6CB9}.Release|x64.ActiveCfg = Release|x64
		{FB4B22E3-4890-4D2B-94CB-BAC425DE6CB9}.Release|x64.Build.0 = Release|x64
		{FB4B22E3-4890-4D2B-94CB-BAC425DE6CB9}.Release|x64.Deploy.0 = Release|x64
		{FB4B22E3-4890-4D2B-94CB-BAC425DE6CB9}.Release|x86.ActiveCfg = Release|x86
		{FB4B22E3-4890-4D2B-94CB-BAC425DE6CB9}.Release|x86.Build.0 = Release|x86
		{FB4B22E3-4890-4D2B-94CB-BAC425DE6CB9}.Release|x86.Deploy.0 = Release|x86
		{2DF849D6-A183-45A7-BA68-D1D6AC388CC3}.Debug|Any CPU.ActiveCfg = Debug|Any CPU
		{2DF849D6-A183-45A7-BA68-D1D6AC388CC3}.Debug|Any CPU.Build.0 = Debug|Any CPU
		{2DF849D6-A183-45A7-BA68-D1D6AC388CC3}.Debug|ARM.ActiveCfg = Debug|ARM
		{2DF849D6-A183-45A7-BA68-D1D6AC388CC3}.Debug|ARM.Build.0 = Debug|ARM
		{2DF849D6-A183-45A7-BA68-D1D6AC388CC3}.Debug|ARM64.ActiveCfg = Debug|ARM64
		{2DF849D6-A183-45A7-BA68-D1D6AC388CC3}.Debug|ARM64.Build.0 = Debug|ARM64
		{2DF849D6-A183-45A7-BA68-D1D6AC388CC3}.Debug|x64.ActiveCfg = Debug|x64
		{2DF849D6-A183-45A7-BA68-D1D6AC388CC3}.Debug|x64.Build.0 = Debug|x64
		{2DF849D6-A183-45A7-BA68-D1D6AC388CC3}.Debug|x86.ActiveCfg = Debug|x86
		{2DF849D6-A183-45A7-BA68-D1D6AC388CC3}.Debug|x86.Build.0 = Debug|x86
		{2DF849D6-A183-45A7-BA68-D1D6AC388CC3}.Release|Any CPU.ActiveCfg = Release|Any CPU
		{2DF849D6-A183-45A7-BA68-D1D6AC388CC3}.Release|Any CPU.Build.0 = Release|Any CPU
		{2DF849D6-A183-45A7-BA68-D1D6AC388CC3}.Release|ARM.ActiveCfg = Release|ARM
		{2DF849D6-A183-45A7-BA68-D1D6AC388CC3}.Release|ARM.Build.0 = Release|ARM
		{2DF849D6-A183-45A7-BA68-D1D6AC388CC3}.Release|ARM64.ActiveCfg = Release|ARM64
		{2DF849D6-A183-45A7-BA68-D1D6AC388CC3}.Release|ARM64.Build.0 = Release|ARM64
		{2DF849D6-A183-45A7-BA68-D1D6AC388CC3}.Release|x64.ActiveCfg = Release|x64
		{2DF849D6-A183-45A7-BA68-D1D6AC388CC3}.Release|x64.Build.0 = Release|x64
		{2DF849D6-A183-45A7-BA68-D1D6AC388CC3}.Release|x86.ActiveCfg = Release|x86
		{2DF849D6-A183-45A7-BA68-D1D6AC388CC3}.Release|x86.Build.0 = Release|x86
		{BE66E1E9-1F7C-448E-B2AD-BCB08216AFB6}.Debug|Any CPU.ActiveCfg = Debug|x86
		{BE66E1E9-1F7C-448E-B2AD-BCB08216AFB6}.Debug|Any CPU.Build.0 = Debug|x86
		{BE66E1E9-1F7C-448E-B2AD-BCB08216AFB6}.Debug|ARM.ActiveCfg = Debug|ARM
		{BE66E1E9-1F7C-448E-B2AD-BCB08216AFB6}.Debug|ARM.Build.0 = Debug|ARM
		{BE66E1E9-1F7C-448E-B2AD-BCB08216AFB6}.Debug|ARM.Deploy.0 = Debug|ARM
		{BE66E1E9-1F7C-448E-B2AD-BCB08216AFB6}.Debug|ARM64.ActiveCfg = Debug|ARM64
		{BE66E1E9-1F7C-448E-B2AD-BCB08216AFB6}.Debug|ARM64.Build.0 = Debug|ARM64
		{BE66E1E9-1F7C-448E-B2AD-BCB08216AFB6}.Debug|ARM64.Deploy.0 = Debug|ARM64
		{BE66E1E9-1F7C-448E-B2AD-BCB08216AFB6}.Debug|x64.ActiveCfg = Debug|x64
		{BE66E1E9-1F7C-448E-B2AD-BCB08216AFB6}.Debug|x64.Build.0 = Debug|x64
		{BE66E1E9-1F7C-448E-B2AD-BCB08216AFB6}.Debug|x64.Deploy.0 = Debug|x64
		{BE66E1E9-1F7C-448E-B2AD-BCB08216AFB6}.Debug|x86.ActiveCfg = Debug|x86
		{BE66E1E9-1F7C-448E-B2AD-BCB08216AFB6}.Debug|x86.Build.0 = Debug|x86
		{BE66E1E9-1F7C-448E-B2AD-BCB08216AFB6}.Debug|x86.Deploy.0 = Debug|x86
		{BE66E1E9-1F7C-448E-B2AD-BCB08216AFB6}.Release|Any CPU.ActiveCfg = Release|x86
		{BE66E1E9-1F7C-448E-B2AD-BCB08216AFB6}.Release|ARM.ActiveCfg = Release|ARM
		{BE66E1E9-1F7C-448E-B2AD-BCB08216AFB6}.Release|ARM.Build.0 = Release|ARM
		{BE66E1E9-1F7C-448E-B2AD-BCB08216AFB6}.Release|ARM.Deploy.0 = Release|ARM
		{BE66E1E9-1F7C-448E-B2AD-BCB08216AFB6}.Release|ARM64.ActiveCfg = Release|ARM64
		{BE66E1E9-1F7C-448E-B2AD-BCB08216AFB6}.Release|ARM64.Build.0 = Release|ARM64
		{BE66E1E9-1F7C-448E-B2AD-BCB08216AFB6}.Release|ARM64.Deploy.0 = Release|ARM64
		{BE66E1E9-1F7C-448E-B2AD-BCB08216AFB6}.Release|x64.ActiveCfg = Release|x64
		{BE66E1E9-1F7C-448E-B2AD-BCB08216AFB6}.Release|x64.Build.0 = Release|x64
		{BE66E1E9-1F7C-448E-B2AD-BCB08216AFB6}.Release|x64.Deploy.0 = Release|x64
		{BE66E1E9-1F7C-448E-B2AD-BCB08216AFB6}.Release|x86.ActiveCfg = Release|x86
		{BE66E1E9-1F7C-448E-B2AD-BCB08216AFB6}.Release|x86.Build.0 = Release|x86
		{BE66E1E9-1F7C-448E-B2AD-BCB08216AFB6}.Release|x86.Deploy.0 = Release|x86
	EndGlobalSection
	GlobalSection(SolutionProperties) = preSolution
		HideSolutionNode = FALSE
	EndGlobalSection
	GlobalSection(ExtensibilityGlobals) = postSolution
		SolutionGuid = {B210F8A8-CBC8-45F3-94AF-F123378E35A7}
	EndGlobalSection
EndGlobal
